
Microsoft Visual Studio Solution File, Format Version 12.00
# Visual Studio Version 17
VisualStudioVersion = 17.11.35327.3
MinimumVisualStudioVersion = 10.0.40219.1
Project("{FAE04EC0-301F-11D3-BF4B-00C04F79EFBC}") = "CarRentalManagement", "CarRentalManagement\CarRentalManagement.csproj", "{D1B07BFF-098D-4375-9A9F-B5D3E32B822A}"
EndProject
Global
	GlobalSection(SolutionConfigurationPlatforms) = preSolution
		Debug|Any CPU = Debug|Any CPU
		Release|Any CPU = Release|Any CPU
	EndGlobalSection
	GlobalSection(ProjectConfigurationPlatforms) = postSolution
		{D1B07BFF-098D-4375-9A9F-B5D3E32B822A}.Debug|Any CPU.ActiveCfg = Debug|Any CPU
		{D1B07BFF-098D-4375-9A9F-B5D3E32B822A}.Debug|Any CPU.Build.0 = Debug|Any CPU
		{D1B07BFF-098D-4375-9A9F-B5D3E32B822A}.Release|Any CPU.ActiveCfg = Release|Any CPU
		{D1B07BFF-098D-4375-9A9F-B5D3E32B822A}.Release|Any CPU.Build.0 = Release|Any CPU
	EndGlobalSection
	GlobalSection(SolutionProperties) = preSolution
		HideSolutionNode = FALSE
	EndGlobalSection
	GlobalSection(ExtensibilityGlobals) = postSolution
		SolutionGuid = {91391A7A-C854-4548-B2B8-9D127546235D}
	EndGlobalSection
EndGlobal
